
Microsoft Visual Studio Solution File, Format Version 12.00
# Visual Studio Version 16
VisualStudioVersion = 16.0.29728.190
MinimumVisualStudioVersion = 10.0.40219.1
Project("{FAE04EC0-301F-11D3-BF4B-00C04F79EFBC}") = "GlosaryAPI", "GlosaryAPI\GlosaryAPI.csproj", "{CED2E2B4-C4C4-4C60-8D3B-C540B8D9D22C}"
EndProject
Project("{FAE04EC0-301F-11D3-BF4B-00C04F79EFBC}") = "GlossaryAPITests", "GlossaryAPITests\GlossaryAPITests.csproj", "{B541B60F-50AE-4FB1-A14C-C21B273447FD}"
EndProject
Global
	GlobalSection(SolutionConfigurationPlatforms) = preSolution
		Debug|Any CPU = Debug|Any CPU
		Release|Any CPU = Release|Any CPU
	EndGlobalSection
	GlobalSection(ProjectConfigurationPlatforms) = postSolution
		{CED2E2B4-C4C4-4C60-8D3B-C540B8D9D22C}.Debug|Any CPU.ActiveCfg = Debug|Any CPU
		{CED2E2B4-C4C4-4C60-8D3B-C540B8D9D22C}.Debug|Any CPU.Build.0 = Debug|Any CPU
		{CED2E2B4-C4C4-4C60-8D3B-C540B8D9D22C}.Release|Any CPU.ActiveCfg = Release|Any CPU
		{CED2E2B4-C4C4-4C60-8D3B-C540B8D9D22C}.Release|Any CPU.Build.0 = Release|Any CPU
		{B541B60F-50AE-4FB1-A14C-C21B273447FD}.Debug|Any CPU.ActiveCfg = Debug|Any CPU
		{B541B60F-50AE-4FB1-A14C-C21B273447FD}.Debug|Any CPU.Build.0 = Debug|Any CPU
		{B541B60F-50AE-4FB1-A14C-C21B273447FD}.Release|Any CPU.ActiveCfg = Release|Any CPU
		{B541B60F-50AE-4FB1-A14C-C21B273447FD}.Release|Any CPU.Build.0 = Release|Any CPU
	EndGlobalSection
	GlobalSection(SolutionProperties) = preSolution
		HideSolutionNode = FALSE
	EndGlobalSection
	GlobalSection(ExtensibilityGlobals) = postSolution
		SolutionGuid = {A29DF05A-596A-4946-A98E-474418D88280}
	EndGlobalSection
EndGlobal
